
Microsoft Visual Studio Solution File, Format Version 12.00
# Visual Studio 2015
Project("{8BC9CEB8-8B4A-11D0-8D11-00A0C91BC942}") = "Nikyuria_generic", "Nikyuria_generic.vcxproj", "{6DB3C0DC-59AC-DF2E-82DE-C4B36E36BF3A}"
EndProject
Project("{8BC9CEB8-8B4A-11D0-8D11-00A0C91BC942}") = "Nikyuria_css", "Nikyuria_css.vcxproj", "{19BA8FF2-051D-1F97-AEA2-574D9AE4EA19}"
EndProject
Project("{8BC9CEB8-8B4A-11D0-8D11-00A0C91BC942}") = "Nikyuria_csgo", "Nikyuria_csgo.vcxproj", "{1CFC8644-88BC-027B-51F7-4BF8BD764757}"
EndProject
Project("{8BC9CEB8-8B4A-11D0-8D11-00A0C91BC942}") = "Nikyuria_tf2", "Nikyuria_tf2.vcxproj", "{7C0090F2-6863-1F97-11E9-574DFD2AEB19}"
EndProject
Project("{8BC9CEB8-8B4A-11D0-8D11-00A0C91BC942}") = "Nikyuria_gmod", "Nikyuria_gmod.vcxproj", "{17158944-83D5-047B-4C10-4EF8B88F4957}"
EndProject
Global
	GlobalSection(SolutionConfigurationPlatforms) = preSolution
		Debug|Win32 = Debug|Win32
		Release|Win32 = Release|Win32
	EndGlobalSection
	GlobalSection(ProjectConfigurationPlatforms) = postSolution
		{6DB3C0DC-59AC-DF2E-82DE-C4B36E36BF3A}.Debug|Win32.ActiveCfg = Debug|Win32
		{6DB3C0DC-59AC-DF2E-82DE-C4B36E36BF3A}.Debug|Win32.Build.0 = Debug|Win32
		{6DB3C0DC-59AC-DF2E-82DE-C4B36E36BF3A}.Release|Win32.ActiveCfg = Release|Win32
		{6DB3C0DC-59AC-DF2E-82DE-C4B36E36BF3A}.Release|Win32.Build.0 = Release|Win32
		{19BA8FF2-051D-1F97-AEA2-574D9AE4EA19}.Debug|Win32.ActiveCfg = Debug|Win32
		{19BA8FF2-051D-1F97-AEA2-574D9AE4EA19}.Debug|Win32.Build.0 = Debug|Win32
		{19BA8FF2-051D-1F97-AEA2-574D9AE4EA19}.Release|Win32.ActiveCfg = Release|Win32
		{19BA8FF2-051D-1F97-AEA2-574D9AE4EA19}.Release|Win32.Build.0 = Release|Win32
		{1CFC8644-88BC-027B-51F7-4BF8BD764757}.Debug|Win32.ActiveCfg = Debug|Win32
		{1CFC8644-88BC-027B-51F7-4BF8BD764757}.Debug|Win32.Build.0 = Debug|Win32
		{1CFC8644-88BC-027B-51F7-4BF8BD764757}.Release|Win32.ActiveCfg = Release|Win32
		{1CFC8644-88BC-027B-51F7-4BF8BD764757}.Release|Win32.Build.0 = Release|Win32
		{7C0090F2-6863-1F97-11E9-574DFD2AEB19}.Debug|Win32.ActiveCfg = Debug|Win32
		{7C0090F2-6863-1F97-11E9-574DFD2AEB19}.Debug|Win32.Build.0 = Debug|Win32
		{7C0090F2-6863-1F97-11E9-574DFD2AEB19}.Release|Win32.ActiveCfg = Release|Win32
		{7C0090F2-6863-1F97-11E9-574DFD2AEB19}.Release|Win32.Build.0 = Release|Win32
		{17158944-83D5-047B-4C10-4EF8B88F4957}.Debug|Win32.ActiveCfg = Debug|Win32
		{17158944-83D5-047B-4C10-4EF8B88F4957}.Debug|Win32.Build.0 = Debug|Win32
		{17158944-83D5-047B-4C10-4EF8B88F4957}.Release|Win32.ActiveCfg = Release|Win32
		{17158944-83D5-047B-4C10-4EF8B88F4957}.Release|Win32.Build.0 = Release|Win32
	EndGlobalSection
	GlobalSection(SolutionProperties) = preSolution
		HideSolutionNode = FALSE
	EndGlobalSection
EndGlobal
